
Microsoft Visual Studio Solution File, Format Version 12.00
# Visual Studio Version 17
VisualStudioVersion = 17.5.002.0
MinimumVisualStudioVersion = 10.0.40219.1
Project("{9A19103F-16F7-4668-BE54-9A1E7A4F7556}") = "XMLApi", "XMLApi.csproj", "{B92AB4BD-409F-4E6D-AC10-F781459E970E}"
EndProject
Global
	GlobalSection(SolutionConfigurationPlatforms) = preSolution
		Debug|Any CPU = Debug|Any CPU
		Release|Any CPU = Release|Any CPU
	EndGlobalSection
	GlobalSection(ProjectConfigurationPlatforms) = postSolution
		{B92AB4BD-409F-4E6D-AC10-F781459E970E}.Debug|Any CPU.ActiveCfg = Debug|Any CPU
		{B92AB4BD-409F-4E6D-AC10-F781459E970E}.Debug|Any CPU.Build.0 = Debug|Any CPU
		{B92AB4BD-409F-4E6D-AC10-F781459E970E}.Release|Any CPU.ActiveCfg = Release|Any CPU
		{B92AB4BD-409F-4E6D-AC10-F781459E970E}.Release|Any CPU.Build.0 = Release|Any CPU
	EndGlobalSection
	GlobalSection(SolutionProperties) = preSolution
		HideSolutionNode = FALSE
	EndGlobalSection
	GlobalSection(ExtensibilityGlobals) = postSolution
		SolutionGuid = {3CE4F02F-678A-4C31-B6FB-004C7C87427C}
	EndGlobalSection
EndGlobal
